
Microsoft Visual Studio Solution File, Format Version 12.00
# Visual Studio Version 17
VisualStudioVersion = 17.3.32901.215
MinimumVisualStudioVersion = 10.0.40219.1
Project("{FAE04EC0-301F-11D3-BF4B-00C04F79EFBC}") = "LINQ.Task", "LINQ.Task\LINQ.Task.csproj", "{A7513C1E-AAE1-4F20-BDDC-2FD7F7B23A0B}"
EndProject
Global
	GlobalSection(SolutionConfigurationPlatforms) = preSolution
		Debug|Any CPU = Debug|Any CPU
		Release|Any CPU = Release|Any CPU
	EndGlobalSection
	GlobalSection(ProjectConfigurationPlatforms) = postSolution
		{A7513C1E-AAE1-4F20-BDDC-2FD7F7B23A0B}.Debug|Any CPU.ActiveCfg = Debug|Any CPU
		{A7513C1E-AAE1-4F20-BDDC-2FD7F7B23A0B}.Debug|Any CPU.Build.0 = Debug|Any CPU
		{A7513C1E-AAE1-4F20-BDDC-2FD7F7B23A0B}.Release|Any CPU.ActiveCfg = Release|Any CPU
		{A7513C1E-AAE1-4F20-BDDC-2FD7F7B23A0B}.Release|Any CPU.Build.0 = Release|Any CPU
	EndGlobalSection
	GlobalSection(SolutionProperties) = preSolution
		HideSolutionNode = FALSE
	EndGlobalSection
	GlobalSection(ExtensibilityGlobals) = postSolution
		SolutionGuid = {B3FF6541-091F-417F-AFBA-A0E961327D53}
	EndGlobalSection
EndGlobal
